
Microsoft Visual Studio Solution File, Format Version 12.00
# Visual Studio Version 17
VisualStudioVersion = 17.6.33815.320
MinimumVisualStudioVersion = 10.0.40219.1
Project("{9A19103F-16F7-4668-BE54-9A1E7A4F7556}") = "EmployeeDemo.Web", "EmployeeDemo.Web\EmployeeDemo.Web.csproj", "{8A506099-8EE3-4271-9249-44D45D2BAFB0}"
EndProject
Project("{9A19103F-16F7-4668-BE54-9A1E7A4F7556}") = "EmployeeDemo.Domain", "EmployeeDemo.Domain\EmployeeDemo.Domain.csproj", "{E7305F02-65C8-454C-A460-F06EE7A21D8D}"
EndProject
Project("{9A19103F-16F7-4668-BE54-9A1E7A4F7556}") = "EmployeeDemo.EF", "EmployeeDemo.EF\EmployeeDemo.EF.csproj", "{BA3A4287-CBC2-47E7-937E-C7651B7B85FE}"
EndProject
Global
	GlobalSection(SolutionConfigurationPlatforms) = preSolution
		Debug|Any CPU = Debug|Any CPU
		Release|Any CPU = Release|Any CPU
	EndGlobalSection
	GlobalSection(ProjectConfigurationPlatforms) = postSolution
		{8A506099-8EE3-4271-9249-44D45D2BAFB0}.Debug|Any CPU.ActiveCfg = Debug|Any CPU
		{8A506099-8EE3-4271-9249-44D45D2BAFB0}.Debug|Any CPU.Build.0 = Debug|Any CPU
		{8A506099-8EE3-4271-9249-44D45D2BAFB0}.Release|Any CPU.ActiveCfg = Release|Any CPU
		{8A506099-8EE3-4271-9249-44D45D2BAFB0}.Release|Any CPU.Build.0 = Release|Any CPU
		{E7305F02-65C8-454C-A460-F06EE7A21D8D}.Debug|Any CPU.ActiveCfg = Debug|Any CPU
		{E7305F02-65C8-454C-A460-F06EE7A21D8D}.Debug|Any CPU.Build.0 = Debug|Any CPU
		{E7305F02-65C8-454C-A460-F06EE7A21D8D}.Release|Any CPU.ActiveCfg = Release|Any CPU
		{E7305F02-65C8-454C-A460-F06EE7A21D8D}.Release|Any CPU.Build.0 = Release|Any CPU
		{BA3A4287-CBC2-47E7-937E-C7651B7B85FE}.Debug|Any CPU.ActiveCfg = Debug|Any CPU
		{BA3A4287-CBC2-47E7-937E-C7651B7B85FE}.Debug|Any CPU.Build.0 = Debug|Any CPU
		{BA3A4287-CBC2-47E7-937E-C7651B7B85FE}.Release|Any CPU.ActiveCfg = Release|Any CPU
		{BA3A4287-CBC2-47E7-937E-C7651B7B85FE}.Release|Any CPU.Build.0 = Release|Any CPU
	EndGlobalSection
	GlobalSection(SolutionProperties) = preSolution
		HideSolutionNode = FALSE
	EndGlobalSection
	GlobalSection(ExtensibilityGlobals) = postSolution
		SolutionGuid = {9729A3CE-F90A-4091-ACF3-E102AB227B08}
	EndGlobalSection
EndGlobal
